
Microsoft Visual Studio Solution File, Format Version 12.00
# Visual Studio Version 17
VisualStudioVersion = 17.10.35122.118
MinimumVisualStudioVersion = 10.0.40219.1
Project("{9A19103F-16F7-4668-BE54-9A1E7A4F7556}") = "Hospital-Management", "Hospital-Management.csproj", "{42629AE9-FDB2-42D2-8E02-0C0BAE47D3CC}"
EndProject
Project("{2150E333-8FDC-42A3-9474-1A3956D46DE8}") = "Abdallah", "Abdallah", "{A7497421-711C-4907-AC0A-FF7C6034AA2F}"
EndProject
Global
	GlobalSection(SolutionConfigurationPlatforms) = preSolution
		Debug|Any CPU = Debug|Any CPU
		Release|Any CPU = Release|Any CPU
	EndGlobalSection
	GlobalSection(ProjectConfigurationPlatforms) = postSolution
		{42629AE9-FDB2-42D2-8E02-0C0BAE47D3CC}.Debug|Any CPU.ActiveCfg = Debug|Any CPU
		{42629AE9-FDB2-42D2-8E02-0C0BAE47D3CC}.Debug|Any CPU.Build.0 = Debug|Any CPU
		{42629AE9-FDB2-42D2-8E02-0C0BAE47D3CC}.Release|Any CPU.ActiveCfg = Release|Any CPU
		{42629AE9-FDB2-42D2-8E02-0C0BAE47D3CC}.Release|Any CPU.Build.0 = Release|Any CPU
	EndGlobalSection
	GlobalSection(SolutionProperties) = preSolution
		HideSolutionNode = FALSE
	EndGlobalSection
	GlobalSection(ExtensibilityGlobals) = postSolution
		SolutionGuid = {7A92CA55-5E92-4E52-8042-7435EEF53C50}
	EndGlobalSection
EndGlobal
